
Microsoft Visual Studio Solution File, Format Version 12.00
# Visual Studio Version 16
VisualStudioVersion = 16.0.31410.357
MinimumVisualStudioVersion = 10.0.40219.1
Project("{9A19103F-16F7-4668-BE54-9A1E7A4F7556}") = "Project.API", "Project.API\Project.API.csproj", "{05EA6800-F4A6-4054-B56C-5ED53A4DF88A}"
EndProject
Project("{FAE04EC0-301F-11D3-BF4B-00C04F79EFBC}") = "Project.Core", "Project.Core\Project.Core.csproj", "{FC3DA970-86DE-4978-A3E4-205FF8ADDD53}"
EndProject
Project("{FAE04EC0-301F-11D3-BF4B-00C04F79EFBC}") = "Project.Infrastructure", "Project.Infrastructure\Project.Infrastructure.csproj", "{CC19B013-2B4E-467F-9E76-CEA9D1F765D9}"
EndProject
Global
	GlobalSection(SolutionConfigurationPlatforms) = preSolution
		Debug|Any CPU = Debug|Any CPU
		Release|Any CPU = Release|Any CPU
	EndGlobalSection
	GlobalSection(ProjectConfigurationPlatforms) = postSolution
		{05EA6800-F4A6-4054-B56C-5ED53A4DF88A}.Debug|Any CPU.ActiveCfg = Debug|Any CPU
		{05EA6800-F4A6-4054-B56C-5ED53A4DF88A}.Debug|Any CPU.Build.0 = Debug|Any CPU
		{05EA6800-F4A6-4054-B56C-5ED53A4DF88A}.Release|Any CPU.ActiveCfg = Release|Any CPU
		{05EA6800-F4A6-4054-B56C-5ED53A4DF88A}.Release|Any CPU.Build.0 = Release|Any CPU
		{FC3DA970-86DE-4978-A3E4-205FF8ADDD53}.Debug|Any CPU.ActiveCfg = Debug|Any CPU
		{FC3DA970-86DE-4978-A3E4-205FF8ADDD53}.Debug|Any CPU.Build.0 = Debug|Any CPU
		{FC3DA970-86DE-4978-A3E4-205FF8ADDD53}.Release|Any CPU.ActiveCfg = Release|Any CPU
		{FC3DA970-86DE-4978-A3E4-205FF8ADDD53}.Release|Any CPU.Build.0 = Release|Any CPU
		{CC19B013-2B4E-467F-9E76-CEA9D1F765D9}.Debug|Any CPU.ActiveCfg = Debug|Any CPU
		{CC19B013-2B4E-467F-9E76-CEA9D1F765D9}.Debug|Any CPU.Build.0 = Debug|Any CPU
		{CC19B013-2B4E-467F-9E76-CEA9D1F765D9}.Release|Any CPU.ActiveCfg = Release|Any CPU
		{CC19B013-2B4E-467F-9E76-CEA9D1F765D9}.Release|Any CPU.Build.0 = Release|Any CPU
	EndGlobalSection
	GlobalSection(SolutionProperties) = preSolution
		HideSolutionNode = FALSE
	EndGlobalSection
	GlobalSection(ExtensibilityGlobals) = postSolution
		SolutionGuid = {B5887982-DB72-41DF-AE57-B9D73DCE6BDB}
	EndGlobalSection
EndGlobal
